# This file is automatically @generated by Cargo.
# It is not intended for manual editing.
version = 3

[[package]]
name = "bomberman"
version = "0.1.0"

[[package]]
name = "core0"
version = "0.1.0"

[[package]]
name = "core1"
version = "0.1.0"

[[package]]
name = "tests"
version = "0.1.0"
dependencies = [
 "core1",
]
